
Microsoft Visual Studio Solution File, Format Version 12.00
# Visual Studio 2015
Project("{FAE04EC0-301F-11D3-BF4B-00C04F79EFBC}") = "Action_Potential.CSharp.Plugins", "Action_Potential.CSharp.Plugins.csproj", "{B8D4DD8B-D293-FD04-F99F-A6D2FB31C4E5}"
EndProject
Project("{FAE04EC0-301F-11D3-BF4B-00C04F79EFBC}") = "Action_Potential.CSharp", "Action_Potential.CSharp.csproj", "{2F6A1C97-FEBE-AEF7-D887-B95A5A25DFC9}"
EndProject
Project("{FAE04EC0-301F-11D3-BF4B-00C04F79EFBC}") = "Action_Potential.CSharp.Editor", "Action_Potential.CSharp.Editor.csproj", "{F497D101-808C-04B8-14EB-936ABF112B8C}"
EndProject
Global
	GlobalSection(SolutionConfigurationPlatforms) = preSolution
		Debug|Any CPU = Debug|Any CPU
		Release|Any CPU = Release|Any CPU
	EndGlobalSection
	GlobalSection(ProjectConfigurationPlatforms) = postSolution
		{B8D4DD8B-D293-FD04-F99F-A6D2FB31C4E5}.Debug|Any CPU.ActiveCfg = Debug|Any CPU
		{B8D4DD8B-D293-FD04-F99F-A6D2FB31C4E5}.Debug|Any CPU.Build.0 = Debug|Any CPU
		{B8D4DD8B-D293-FD04-F99F-A6D2FB31C4E5}.Release|Any CPU.ActiveCfg = Release|Any CPU
		{B8D4DD8B-D293-FD04-F99F-A6D2FB31C4E5}.Release|Any CPU.Build.0 = Release|Any CPU
		{2F6A1C97-FEBE-AEF7-D887-B95A5A25DFC9}.Debug|Any CPU.ActiveCfg = Debug|Any CPU
		{2F6A1C97-FEBE-AEF7-D887-B95A5A25DFC9}.Debug|Any CPU.Build.0 = Debug|Any CPU
		{2F6A1C97-FEBE-AEF7-D887-B95A5A25DFC9}.Release|Any CPU.ActiveCfg = Release|Any CPU
		{2F6A1C97-FEBE-AEF7-D887-B95A5A25DFC9}.Release|Any CPU.Build.0 = Release|Any CPU
		{F497D101-808C-04B8-14EB-936ABF112B8C}.Debug|Any CPU.ActiveCfg = Debug|Any CPU
		{F497D101-808C-04B8-14EB-936ABF112B8C}.Debug|Any CPU.Build.0 = Debug|Any CPU
		{F497D101-808C-04B8-14EB-936ABF112B8C}.Release|Any CPU.ActiveCfg = Release|Any CPU
		{F497D101-808C-04B8-14EB-936ABF112B8C}.Release|Any CPU.Build.0 = Release|Any CPU
	EndGlobalSection
	GlobalSection(SolutionProperties) = preSolution
		HideSolutionNode = FALSE
	EndGlobalSection
EndGlobal
